
Microsoft Visual Studio Solution File, Format Version 12.00
# Visual Studio 15
VisualStudioVersion = 15.0.26730.15
MinimumVisualStudioVersion = 10.0.40219.1
Project("{FAE04EC0-301F-11D3-BF4B-00C04F79EFBC}") = "PrismUnityXamarinFormsDS", "PrismUnityXamarinFormsDS\PrismUnityXamarinFormsDS\PrismUnityXamarinFormsDS.csproj", "{73FBF022-7E37-44F7-B54B-2604486201E5}"
EndProject
Project("{FAE04EC0-301F-11D3-BF4B-00C04F79EFBC}") = "PrismUnityXamarinFormsDS.Droid", "PrismUnityXamarinFormsDS\PrismUnityXamarinFormsDS.Droid\PrismUnityXamarinFormsDS.Droid.csproj", "{BB3AD839-6FDF-4346-B7BA-38A7F09E4775}"
EndProject
Project("{FAE04EC0-301F-11D3-BF4B-00C04F79EFBC}") = "PrismUnityXamarinFormsDS.iOS", "PrismUnityXamarinFormsDS\PrismUnityXamarinFormsDS.iOS\PrismUnityXamarinFormsDS.iOS.csproj", "{ABA7A3D3-9072-4942-B83F-9C5BD8962BB5}"
EndProject
Project("{FAE04EC0-301F-11D3-BF4B-00C04F79EFBC}") = "PrismUnityXamarinFormsDS.UWP", "PrismUnityXamarinFormsDS\PrismUnityXamarinFormsDS.UWP\PrismUnityXamarinFormsDS.UWP.csproj", "{F4DF0161-8955-4F0B-BACE-CE083A85C678}"
EndProject
Global
	GlobalSection(SolutionConfigurationPlatforms) = preSolution
		Ad-Hoc|Any CPU = Ad-Hoc|Any CPU
		Ad-Hoc|ARM = Ad-Hoc|ARM
		Ad-Hoc|iPhone = Ad-Hoc|iPhone
		Ad-Hoc|iPhoneSimulator = Ad-Hoc|iPhoneSimulator
		Ad-Hoc|x64 = Ad-Hoc|x64
		Ad-Hoc|x86 = Ad-Hoc|x86
		AppStore|Any CPU = AppStore|Any CPU
		AppStore|ARM = AppStore|ARM
		AppStore|iPhone = AppStore|iPhone
		AppStore|iPhoneSimulator = AppStore|iPhoneSimulator
		AppStore|x64 = AppStore|x64
		AppStore|x86 = AppStore|x86
		Debug|Any CPU = Debug|Any CPU
		Debug|ARM = Debug|ARM
		Debug|iPhone = Debug|iPhone
		Debug|iPhoneSimulator = Debug|iPhoneSimulator
		Debug|x64 = Debug|x64
		Debug|x86 = Debug|x86
		Release|Any CPU = Release|Any CPU
		Release|ARM = Release|ARM
		Release|iPhone = Release|iPhone
		Release|iPhoneSimulator = Release|iPhoneSimulator
		Release|x64 = Release|x64
		Release|x86 = Release|x86
	EndGlobalSection
	GlobalSection(ProjectConfigurationPlatforms) = postSolution
		{73FBF022-7E37-44F7-B54B-2604486201E5}.Ad-Hoc|Any CPU.ActiveCfg = Release|Any CPU
		{73FBF022-7E37-44F7-B54B-2604486201E5}.Ad-Hoc|Any CPU.Build.0 = Release|Any CPU
		{73FBF022-7E37-44F7-B54B-2604486201E5}.Ad-Hoc|ARM.ActiveCfg = Release|Any CPU
		{73FBF022-7E37-44F7-B54B-2604486201E5}.Ad-Hoc|ARM.Build.0 = Release|Any CPU
		{73FBF022-7E37-44F7-B54B-2604486201E5}.Ad-Hoc|iPhone.ActiveCfg = Release|Any CPU
		{73FBF022-7E37-44F7-B54B-2604486201E5}.Ad-Hoc|iPhone.Build.0 = Release|Any CPU
		{73FBF022-7E37-44F7-B54B-2604486201E5}.Ad-Hoc|iPhoneSimulator.ActiveCfg = Release|Any CPU
		{73FBF022-7E37-44F7-B54B-2604486201E5}.Ad-Hoc|iPhoneSimulator.Build.0 = Release|Any CPU
		{73FBF022-7E37-44F7-B54B-2604486201E5}.Ad-Hoc|x64.ActiveCfg = Release|Any CPU
		{73FBF022-7E37-44F7-B54B-2604486201E5}.Ad-Hoc|x64.Build.0 = Release|Any CPU
		{73FBF022-7E37-44F7-B54B-2604486201E5}.Ad-Hoc|x86.ActiveCfg = Release|Any CPU
		{73FBF022-7E37-44F7-B54B-2604486201E5}.Ad-Hoc|x86.Build.0 = Release|Any CPU
		{73FBF022-7E37-44F7-B54B-2604486201E5}.AppStore|Any CPU.ActiveCfg = Release|Any CPU
		{73FBF022-7E37-44F7-B54B-2604486201E5}.AppStore|Any CPU.Build.0 = Release|Any CPU
		{73FBF022-7E37-44F7-B54B-2604486201E5}.AppStore|ARM.ActiveCfg = Release|Any CPU
		{73FBF022-7E37-44F7-B54B-2604486201E5}.AppStore|ARM.Build.0 = Release|Any CPU
		{73FBF022-7E37-44F7-B54B-2604486201E5}.AppStore|iPhone.ActiveCfg = Release|Any CPU
		{73FBF022-7E37-44F7-B54B-2604486201E5}.AppStore|iPhone.Build.0 = Release|Any CPU
		{73FBF022-7E37-44F7-B54B-2604486201E5}.AppStore|iPhoneSimulator.ActiveCfg = Release|Any CPU
		{73FBF022-7E37-44F7-B54B-2604486201E5}.AppStore|iPhoneSimulator.Build.0 = Release|Any CPU
		{73FBF022-7E37-44F7-B54B-2604486201E5}.AppStore|x64.ActiveCfg = Release|Any CPU
		{73FBF022-7E37-44F7-B54B-2604486201E5}.AppStore|x64.Build.0 = Release|Any CPU
		{73FBF022-7E37-44F7-B54B-2604486201E5}.AppStore|x86.ActiveCfg = Release|Any CPU
		{73FBF022-7E37-44F7-B54B-2604486201E5}.AppStore|x86.Build.0 = Release|Any CPU
		{73FBF022-7E37-44F7-B54B-2604486201E5}.Debug|Any CPU.ActiveCfg = Debug|Any CPU
		{73FBF022-7E37-44F7-B54B-2604486201E5}.Debug|Any CPU.Build.0 = Debug|Any CPU
		{73FBF022-7E37-44F7-B54B-2604486201E5}.Debug|ARM.ActiveCfg = Debug|Any CPU
		{73FBF022-7E37-44F7-B54B-2604486201E5}.Debug|ARM.Build.0 = Debug|Any CPU
		{73FBF022-7E37-44F7-B54B-2604486201E5}.Debug|iPhone.ActiveCfg = Debug|Any CPU
		{73FBF022-7E37-44F7-B54B-2604486201E5}.Debug|iPhone.Build.0 = Debug|Any CPU
		{73FBF022-7E37-44F7-B54B-2604486201E5}.Debug|iPhoneSimulator.ActiveCfg = Debug|Any CPU
		{73FBF022-7E37-44F7-B54B-2604486201E5}.Debug|iPhoneSimulator.Build.0 = Debug|Any CPU
		{73FBF022-7E37-44F7-B54B-2604486201E5}.Debug|x64.ActiveCfg = Debug|Any CPU
		{73FBF022-7E37-44F7-B54B-2604486201E5}.Debug|x64.Build.0 = Debug|Any CPU
		{73FBF022-7E37-44F7-B54B-2604486201E5}.Debug|x86.ActiveCfg = Debug|Any CPU
		{73FBF022-7E37-44F7-B54B-2604486201E5}.Debug|x86.Build.0 = Debug|Any CPU
		{73FBF022-7E37-44F7-B54B-2604486201E5}.Release|Any CPU.ActiveCfg = Release|Any CPU
		{73FBF022-7E37-44F7-B54B-2604486201E5}.Release|Any CPU.Build.0 = Release|Any CPU
		{73FBF022-7E37-44F7-B54B-2604486201E5}.Release|ARM.ActiveCfg = Release|Any CPU
		{73FBF022-7E37-44F7-B54B-2604486201E5}.Release|ARM.Build.0 = Release|Any CPU
		{73FBF022-7E37-44F7-B54B-2604486201E5}.Release|iPhone.ActiveCfg = Release|Any CPU
		{73FBF022-7E37-44F7-B54B-2604486201E5}.Release|iPhone.Build.0 = Release|Any CPU
		{73FBF022-7E37-44F7-B54B-2604486201E5}.Release|iPhoneSimulator.ActiveCfg = Release|Any CPU
		{73FBF022-7E37-44F7-B54B-2604486201E5}.Release|iPhoneSimulator.Build.0 = Release|Any CPU
		{73FBF022-7E37-44F7-B54B-2604486201E5}.Release|x64.ActiveCfg = Release|Any CPU
		{73FBF022-7E37-44F7-B54B-2604486201E5}.Release|x64.Build.0 = Release|Any CPU
		{73FBF022-7E37-44F7-B54B-2604486201E5}.Release|x86.ActiveCfg = Release|Any CPU
		{73FBF022-7E37-44F7-B54B-2604486201E5}.Release|x86.Build.0 = Release|Any CPU
		{BB3AD839-6FDF-4346-B7BA-38A7F09E4775}.Ad-Hoc|Any CPU.ActiveCfg = Release|Any CPU
		{BB3AD839-6FDF-4346-B7BA-38A7F09E4775}.Ad-Hoc|Any CPU.Build.0 = Release|Any CPU
		{BB3AD839-6FDF-4346-B7BA-38A7F09E4775}.Ad-Hoc|Any CPU.Deploy.0 = Release|Any CPU
		{BB3AD839-6FDF-4346-B7BA-38A7F09E4775}.Ad-Hoc|ARM.ActiveCfg = Release|Any CPU
		{BB3AD839-6FDF-4346-B7BA-38A7F09E4775}.Ad-Hoc|ARM.Build.0 = Release|Any CPU
		{BB3AD839-6FDF-4346-B7BA-38A7F09E4775}.Ad-Hoc|ARM.Deploy.0 = Release|Any CPU
		{BB3AD839-6FDF-4346-B7BA-38A7F09E4775}.Ad-Hoc|iPhone.ActiveCfg = Release|Any CPU
		{BB3AD839-6FDF-4346-B7BA-38A7F09E4775}.Ad-Hoc|iPhone.Build.0 = Release|Any CPU
		{BB3AD839-6FDF-4346-B7BA-38A7F09E4775}.Ad-Hoc|iPhone.Deploy.0 = Release|Any CPU
		{BB3AD839-6FDF-4346-B7BA-38A7F09E4775}.Ad-Hoc|iPhoneSimulator.ActiveCfg = Release|Any CPU
		{BB3AD839-6FDF-4346-B7BA-38A7F09E4775}.Ad-Hoc|iPhoneSimulator.Build.0 = Release|Any CPU
		{BB3AD839-6FDF-4346-B7BA-38A7F09E4775}.Ad-Hoc|iPhoneSimulator.Deploy.0 = Release|Any CPU
		{BB3AD839-6FDF-4346-B7BA-38A7F09E4775}.Ad-Hoc|x64.ActiveCfg = Release|Any CPU
		{BB3AD839-6FDF-4346-B7BA-38A7F09E4775}.Ad-Hoc|x64.Build.0 = Release|Any CPU
		{BB3AD839-6FDF-4346-B7BA-38A7F09E4775}.Ad-Hoc|x64.Deploy.0 = Release|Any CPU
		{BB3AD839-6FDF-4346-B7BA-38A7F09E4775}.Ad-Hoc|x86.ActiveCfg = Release|Any CPU
		{BB3AD839-6FDF-4346-B7BA-38A7F09E4775}.Ad-Hoc|x86.Build.0 = Release|Any CPU
		{BB3AD839-6FDF-4346-B7BA-38A7F09E4775}.Ad-Hoc|x86.Deploy.0 = Release|Any CPU
		{BB3AD839-6FDF-4346-B7BA-38A7F09E4775}.AppStore|Any CPU.ActiveCfg = Release|Any CPU
		{BB3AD839-6FDF-4346-B7BA-38A7F09E4775}.AppStore|Any CPU.Build.0 = Release|Any CPU
		{BB3AD839-6FDF-4346-B7BA-38A7F09E4775}.AppStore|Any CPU.Deploy.0 = Release|Any CPU
		{BB3AD839-6FDF-4346-B7BA-38A7F09E4775}.AppStore|ARM.ActiveCfg = Release|Any CPU
		{BB3AD839-6FDF-4346-B7BA-38A7F09E4775}.AppStore|ARM.Build.0 = Release|Any CPU
		{BB3AD839-6FDF-4346-B7BA-38A7F09E4775}.AppStore|ARM.Deploy.0 = Release|Any CPU
		{BB3AD839-6FDF-4346-B7BA-38A7F09E4775}.AppStore|iPhone.ActiveCfg = Release|Any CPU
		{BB3AD839-6FDF-4346-B7BA-38A7F09E4775}.AppStore|iPhone.Build.0 = Release|Any CPU
		{BB3AD839-6FDF-4346-B7BA-38A7F09E4775}.AppStore|iPhone.Deploy.0 = Release|Any CPU
		{BB3AD839-6FDF-4346-B7BA-38A7F09E4775}.AppStore|iPhoneSimulator.ActiveCfg = Release|Any CPU
		{BB3AD839-6FDF-4346-B7BA-38A7F09E4775}.AppStore|iPhoneSimulator.Build.0 = Release|Any CPU
		{BB3AD839-6FDF-4346-B7BA-38A7F09E4775}.AppStore|iPhoneSimulator.Deploy.0 = Release|Any CPU
		{BB3AD839-6FDF-4346-B7BA-38A7F09E4775}.AppStore|x64.ActiveCfg = Release|Any CPU
		{BB3AD839-6FDF-4346-B7BA-38A7F09E4775}.AppStore|x64.Build.0 = Release|Any CPU
		{BB3AD839-6FDF-4346-B7BA-38A7F09E4775}.AppStore|x64.Deploy.0 = Release|Any CPU
		{BB3AD839-6FDF-4346-B7BA-38A7F09E4775}.AppStore|x86.ActiveCfg = Release|Any CPU
		{BB3AD839-6FDF-4346-B7BA-38A7F09E4775}.AppStore|x86.Build.0 = Release|Any CPU
		{BB3AD839-6FDF-4346-B7BA-38A7F09E4775}.AppStore|x86.Deploy.0 = Release|Any CPU
		{BB3AD839-6FDF-4346-B7BA-38A7F09E4775}.Debug|Any CPU.ActiveCfg = Debug|Any CPU
		{BB3AD839-6FDF-4346-B7BA-38A7F09E4775}.Debug|Any CPU.Build.0 = Debug|Any CPU
		{BB3AD839-6FDF-4346-B7BA-38A7F09E4775}.Debug|Any CPU.Deploy.0 = Debug|Any CPU
		{BB3AD839-6FDF-4346-B7BA-38A7F09E4775}.Debug|ARM.ActiveCfg = Debug|Any CPU
		{BB3AD839-6FDF-4346-B7BA-38A7F09E4775}.Debug|ARM.Build.0 = Debug|Any CPU
		{BB3AD839-6FDF-4346-B7BA-38A7F09E4775}.Debug|ARM.Deploy.0 = Debug|Any CPU
		{BB3AD839-6FDF-4346-B7BA-38A7F09E4775}.Debug|iPhone.ActiveCfg = Debug|Any CPU
		{BB3AD839-6FDF-4346-B7BA-38A7F09E4775}.Debug|iPhone.Build.0 = Debug|Any CPU
		{BB3AD839-6FDF-4346-B7BA-38A7F09E4775}.Debug|iPhone.Deploy.0 = Debug|Any CPU
		{BB3AD839-6FDF-4346-B7BA-38A7F09E4775}.Debug|iPhoneSimulator.ActiveCfg = Debug|Any CPU
		{BB3AD839-6FDF-4346-B7BA-38A7F09E4775}.Debug|iPhoneSimulator.Build.0 = Debug|Any CPU
		{BB3AD839-6FDF-4346-B7BA-38A7F09E4775}.Debug|iPhoneSimulator.Deploy.0 = Debug|Any CPU
		{BB3AD839-6FDF-4346-B7BA-38A7F09E4775}.Debug|x64.ActiveCfg = Debug|Any CPU
		{BB3AD839-6FDF-4346-B7BA-38A7F09E4775}.Debug|x64.Build.0 = Debug|Any CPU
		{BB3AD839-6FDF-4346-B7BA-38A7F09E4775}.Debug|x64.Deploy.0 = Debug|Any CPU
		{BB3AD839-6FDF-4346-B7BA-38A7F09E4775}.Debug|x86.ActiveCfg = Debug|Any CPU
		{BB3AD839-6FDF-4346-B7BA-38A7F09E4775}.Debug|x86.Build.0 = Debug|Any CPU
		{BB3AD839-6FDF-4346-B7BA-38A7F09E4775}.Debug|x86.Deploy.0 = Debug|Any CPU
		{BB3AD839-6FDF-4346-B7BA-38A7F09E4775}.Release|Any CPU.ActiveCfg = Release|Any CPU
		{BB3AD839-6FDF-4346-B7BA-38A7F09E4775}.Release|Any CPU.Build.0 = Release|Any CPU
		{BB3AD839-6FDF-4346-B7BA-38A7F09E4775}.Release|Any CPU.Deploy.0 = Release|Any CPU
		{BB3AD839-6FDF-4346-B7BA-38A7F09E4775}.Release|ARM.ActiveCfg = Release|Any CPU
		{BB3AD839-6FDF-4346-B7BA-38A7F09E4775}.Release|ARM.Build.0 = Release|Any CPU
		{BB3AD839-6FDF-4346-B7BA-38A7F09E4775}.Release|ARM.Deploy.0 = Release|Any CPU
		{BB3AD839-6FDF-4346-B7BA-38A7F09E4775}.Release|iPhone.ActiveCfg = Release|Any CPU
		{BB3AD839-6FDF-4346-B7BA-38A7F09E4775}.Release|iPhone.Build.0 = Release|Any CPU
		{BB3AD839-6FDF-4346-B7BA-38A7F09E4775}.Release|iPhone.Deploy.0 = Release|Any CPU
		{BB3AD839-6FDF-4346-B7BA-38A7F09E4775}.Release|iPhoneSimulator.ActiveCfg = Release|Any CPU
		{BB3AD839-6FDF-4346-B7BA-38A7F09E4775}.Release|iPhoneSimulator.Build.0 = Release|Any CPU
		{BB3AD839-6FDF-4346-B7BA-38A7F09E4775}.Release|iPhoneSimulator.Deploy.0 = Release|Any CPU
		{BB3AD839-6FDF-4346-B7BA-38A7F09E4775}.Release|x64.ActiveCfg = Release|Any CPU
		{BB3AD839-6FDF-4346-B7BA-38A7F09E4775}.Release|x64.Build.0 = Release|Any CPU
		{BB3AD839-6FDF-4346-B7BA-38A7F09E4775}.Release|x64.Deploy.0 = Release|Any CPU
		{BB3AD839-6FDF-4346-B7BA-38A7F09E4775}.Release|x86.ActiveCfg = Release|Any CPU
		{BB3AD839-6FDF-4346-B7BA-38A7F09E4775}.Release|x86.Build.0 = Release|Any CPU
		{BB3AD839-6FDF-4346-B7BA-38A7F09E4775}.Release|x86.Deploy.0 = Release|Any CPU
		{ABA7A3D3-9072-4942-B83F-9C5BD8962BB5}.Ad-Hoc|Any CPU.ActiveCfg = Ad-Hoc|iPhone
		{ABA7A3D3-9072-4942-B83F-9C5BD8962BB5}.Ad-Hoc|ARM.ActiveCfg = Ad-Hoc|iPhone
		{ABA7A3D3-9072-4942-B83F-9C5BD8962BB5}.Ad-Hoc|iPhone.ActiveCfg = Ad-Hoc|iPhone
		{ABA7A3D3-9072-4942-B83F-9C5BD8962BB5}.Ad-Hoc|iPhone.Build.0 = Ad-Hoc|iPhone
		{ABA7A3D3-9072-4942-B83F-9C5BD8962BB5}.Ad-Hoc|iPhoneSimulator.ActiveCfg = Ad-Hoc|iPhoneSimulator
		{ABA7A3D3-9072-4942-B83F-9C5BD8962BB5}.Ad-Hoc|iPhoneSimulator.Build.0 = Ad-Hoc|iPhoneSimulator
		{ABA7A3D3-9072-4942-B83F-9C5BD8962BB5}.Ad-Hoc|x64.ActiveCfg = Ad-Hoc|iPhone
		{ABA7A3D3-9072-4942-B83F-9C5BD8962BB5}.Ad-Hoc|x86.ActiveCfg = Ad-Hoc|iPhone
		{ABA7A3D3-9072-4942-B83F-9C5BD8962BB5}.AppStore|Any CPU.ActiveCfg = AppStore|iPhone
		{ABA7A3D3-9072-4942-B83F-9C5BD8962BB5}.AppStore|ARM.ActiveCfg = AppStore|iPhone
		{ABA7A3D3-9072-4942-B83F-9C5BD8962BB5}.AppStore|iPhone.ActiveCfg = AppStore|iPhone
		{ABA7A3D3-9072-4942-B83F-9C5BD8962BB5}.AppStore|iPhone.Build.0 = AppStore|iPhone
		{ABA7A3D3-9072-4942-B83F-9C5BD8962BB5}.AppStore|iPhoneSimulator.ActiveCfg = AppStore|iPhoneSimulator
		{ABA7A3D3-9072-4942-B83F-9C5BD8962BB5}.AppStore|iPhoneSimulator.Build.0 = AppStore|iPhoneSimulator
		{ABA7A3D3-9072-4942-B83F-9C5BD8962BB5}.AppStore|x64.ActiveCfg = AppStore|iPhone
		{ABA7A3D3-9072-4942-B83F-9C5BD8962BB5}.AppStore|x86.ActiveCfg = AppStore|iPhone
		{ABA7A3D3-9072-4942-B83F-9C5BD8962BB5}.Debug|Any CPU.ActiveCfg = Debug|iPhone
		{ABA7A3D3-9072-4942-B83F-9C5BD8962BB5}.Debug|ARM.ActiveCfg = Debug|iPhone
		{ABA7A3D3-9072-4942-B83F-9C5BD8962BB5}.Debug|iPhone.ActiveCfg = Debug|iPhone
		{ABA7A3D3-9072-4942-B83F-9C5BD8962BB5}.Debug|iPhone.Build.0 = Debug|iPhone
		{ABA7A3D3-9072-4942-B83F-9C5BD8962BB5}.Debug|iPhoneSimulator.ActiveCfg = Debug|iPhoneSimulator
		{ABA7A3D3-9072-4942-B83F-9C5BD8962BB5}.Debug|iPhoneSimulator.Build.0 = Debug|iPhoneSimulator
		{ABA7A3D3-9072-4942-B83F-9C5BD8962BB5}.Debug|x64.ActiveCfg = Debug|iPhone
		{ABA7A3D3-9072-4942-B83F-9C5BD8962BB5}.Debug|x86.ActiveCfg = Debug|iPhone
		{ABA7A3D3-9072-4942-B83F-9C5BD8962BB5}.Release|Any CPU.ActiveCfg = Release|iPhone
		{ABA7A3D3-9072-4942-B83F-9C5BD8962BB5}.Release|ARM.ActiveCfg = Release|iPhone
		{ABA7A3D3-9072-4942-B83F-9C5BD8962BB5}.Release|iPhone.ActiveCfg = Release|iPhone
		{ABA7A3D3-9072-4942-B83F-9C5BD8962BB5}.Release|iPhone.Build.0 = Release|iPhone
		{ABA7A3D3-9072-4942-B83F-9C5BD8962BB5}.Release|iPhoneSimulator.ActiveCfg = Release|iPhoneSimulator
		{ABA7A3D3-9072-4942-B83F-9C5BD8962BB5}.Release|iPhoneSimulator.Build.0 = Release|iPhoneSimulator
		{ABA7A3D3-9072-4942-B83F-9C5BD8962BB5}.Release|x64.ActiveCfg = Release|iPhone
		{ABA7A3D3-9072-4942-B83F-9C5BD8962BB5}.Release|x86.ActiveCfg = Release|iPhone
		{F4DF0161-8955-4F0B-BACE-CE083A85C678}.Ad-Hoc|Any CPU.ActiveCfg = Release|x86
		{F4DF0161-8955-4F0B-BACE-CE083A85C678}.Ad-Hoc|Any CPU.Build.0 = Release|x86
		{F4DF0161-8955-4F0B-BACE-CE083A85C678}.Ad-Hoc|Any CPU.Deploy.0 = Release|x86
		{F4DF0161-8955-4F0B-BACE-CE083A85C678}.Ad-Hoc|ARM.ActiveCfg = Release|ARM
		{F4DF0161-8955-4F0B-BACE-CE083A85C678}.Ad-Hoc|ARM.Build.0 = Release|ARM
		{F4DF0161-8955-4F0B-BACE-CE083A85C678}.Ad-Hoc|ARM.Deploy.0 = Release|ARM
		{F4DF0161-8955-4F0B-BACE-CE083A85C678}.Ad-Hoc|iPhone.ActiveCfg = Release|x86
		{F4DF0161-8955-4F0B-BACE-CE083A85C678}.Ad-Hoc|iPhone.Build.0 = Release|x86
		{F4DF0161-8955-4F0B-BACE-CE083A85C678}.Ad-Hoc|iPhone.Deploy.0 = Release|x86
		{F4DF0161-8955-4F0B-BACE-CE083A85C678}.Ad-Hoc|iPhoneSimulator.ActiveCfg = Release|x86
		{F4DF0161-8955-4F0B-BACE-CE083A85C678}.Ad-Hoc|iPhoneSimulator.Build.0 = Release|x86
		{F4DF0161-8955-4F0B-BACE-CE083A85C678}.Ad-Hoc|iPhoneSimulator.Deploy.0 = Release|x86
		{F4DF0161-8955-4F0B-BACE-CE083A85C678}.Ad-Hoc|x64.ActiveCfg = Release|x64
		{F4DF0161-8955-4F0B-BACE-CE083A85C678}.Ad-Hoc|x64.Build.0 = Release|x64
		{F4DF0161-8955-4F0B-BACE-CE083A85C678}.Ad-Hoc|x64.Deploy.0 = Release|x64
		{F4DF0161-8955-4F0B-BACE-CE083A85C678}.Ad-Hoc|x86.ActiveCfg = Release|x86
		{F4DF0161-8955-4F0B-BACE-CE083A85C678}.Ad-Hoc|x86.Build.0 = Release|x86
		{F4DF0161-8955-4F0B-BACE-CE083A85C678}.Ad-Hoc|x86.Deploy.0 = Release|x86
		{F4DF0161-8955-4F0B-BACE-CE083A85C678}.AppStore|Any CPU.ActiveCfg = Release|x86
		{F4DF0161-8955-4F0B-BACE-CE083A85C678}.AppStore|Any CPU.Build.0 = Release|x86
		{F4DF0161-8955-4F0B-BACE-CE083A85C678}.AppStore|Any CPU.Deploy.0 = Release|x86
		{F4DF0161-8955-4F0B-BACE-CE083A85C678}.AppStore|ARM.ActiveCfg = Release|ARM
		{F4DF0161-8955-4F0B-BACE-CE083A85C678}.AppStore|ARM.Build.0 = Release|ARM
		{F4DF0161-8955-4F0B-BACE-CE083A85C678}.AppStore|ARM.Deploy.0 = Release|ARM
		{F4DF0161-8955-4F0B-BACE-CE083A85C678}.AppStore|iPhone.ActiveCfg = Release|x86
		{F4DF0161-8955-4F0B-BACE-CE083A85C678}.AppStore|iPhone.Build.0 = Release|x86
		{F4DF0161-8955-4F0B-BACE-CE083A85C678}.AppStore|iPhone.Deploy.0 = Release|x86
		{F4DF0161-8955-4F0B-BACE-CE083A85C678}.AppStore|iPhoneSimulator.ActiveCfg = Release|x86
		{F4DF0161-8955-4F0B-BACE-CE083A85C678}.AppStore|iPhoneSimulator.Build.0 = Release|x86
		{F4DF0161-8955-4F0B-BACE-CE083A85C678}.AppStore|iPhoneSimulator.Deploy.0 = Release|x86
		{F4DF0161-8955-4F0B-BACE-CE083A85C678}.AppStore|x64.ActiveCfg = Release|x64
		{F4DF0161-8955-4F0B-BACE-CE083A85C678}.AppStore|x64.Build.0 = Release|x64
		{F4DF0161-8955-4F0B-BACE-CE083A85C678}.AppStore|x64.Deploy.0 = Release|x64
		{F4DF0161-8955-4F0B-BACE-CE083A85C678}.AppStore|x86.ActiveCfg = Release|x86
		{F4DF0161-8955-4F0B-BACE-CE083A85C678}.AppStore|x86.Build.0 = Release|x86
		{F4DF0161-8955-4F0B-BACE-CE083A85C678}.AppStore|x86.Deploy.0 = Release|x86
		{F4DF0161-8955-4F0B-BACE-CE083A85C678}.Debug|Any CPU.ActiveCfg = Debug|x86
		{F4DF0161-8955-4F0B-BACE-CE083A85C678}.Debug|ARM.ActiveCfg = Debug|ARM
		{F4DF0161-8955-4F0B-BACE-CE083A85C678}.Debug|ARM.Build.0 = Debug|ARM
		{F4DF0161-8955-4F0B-BACE-CE083A85C678}.Debug|ARM.Deploy.0 = Debug|ARM
		{F4DF0161-8955-4F0B-BACE-CE083A85C678}.Debug|iPhone.ActiveCfg = Debug|x86
		{F4DF0161-8955-4F0B-BACE-CE083A85C678}.Debug|iPhoneSimulator.ActiveCfg = Debug|x86
		{F4DF0161-8955-4F0B-BACE-CE083A85C678}.Debug|x64.ActiveCfg = Debug|x64
		{F4DF0161-8955-4F0B-BACE-CE083A85C678}.Debug|x64.Build.0 = Debug|x64
		{F4DF0161-8955-4F0B-BACE-CE083A85C678}.Debug|x64.Deploy.0 = Debug|x64
		{F4DF0161-8955-4F0B-BACE-CE083A85C678}.Debug|x86.ActiveCfg = Debug|x86
		{F4DF0161-8955-4F0B-BACE-CE083A85C678}.Debug|x86.Build.0 = Debug|x86
		{F4DF0161-8955-4F0B-BACE-CE083A85C678}.Debug|x86.Deploy.0 = Debug|x86
		{F4DF0161-8955-4F0B-BACE-CE083A85C678}.Release|Any CPU.ActiveCfg = Release|x86
		{F4DF0161-8955-4F0B-BACE-CE083A85C678}.Release|ARM.ActiveCfg = Release|ARM
		{F4DF0161-8955-4F0B-BACE-CE083A85C678}.Release|ARM.Build.0 = Release|ARM
		{F4DF0161-8955-4F0B-BACE-CE083A85C678}.Release|ARM.Deploy.0 = Release|ARM
		{F4DF0161-8955-4F0B-BACE-CE083A85C678}.Release|iPhone.ActiveCfg = Release|x86
		{F4DF0161-8955-4F0B-BACE-CE083A85C678}.Release|iPhoneSimulator.ActiveCfg = Release|x86
		{F4DF0161-8955-4F0B-BACE-CE083A85C678}.Release|x64.ActiveCfg = Release|x64
		{F4DF0161-8955-4F0B-BACE-CE083A85C678}.Release|x64.Build.0 = Release|x64
		{F4DF0161-8955-4F0B-BACE-CE083A85C678}.Release|x64.Deploy.0 = Release|x64
		{F4DF0161-8955-4F0B-BACE-CE083A85C678}.Release|x86.ActiveCfg = Release|x86
		{F4DF0161-8955-4F0B-BACE-CE083A85C678}.Release|x86.Build.0 = Release|x86
		{F4DF0161-8955-4F0B-BACE-CE083A85C678}.Release|x86.Deploy.0 = Release|x86
	EndGlobalSection
	GlobalSection(SolutionProperties) = preSolution
		HideSolutionNode = FALSE
	EndGlobalSection
	GlobalSection(ExtensibilityGlobals) = postSolution
		SolutionGuid = {1F719024-6939-4AFD-A51F-02A17F5AE7B4}
	EndGlobalSection
EndGlobal
